
Microsoft Visual Studio Solution File, Format Version 12.00
# Visual Studio 15
VisualStudioVersion = 15.0.27130.0
MinimumVisualStudioVersion = 10.0.40219.1
Project("{2150E333-8FDC-42A3-9474-1A3956D46DE8}") = "0 - Presentation", "0 - Presentation", "{D46CADB0-FBE4-4926-B125-2292D3F2261D}"
EndProject
Project("{2150E333-8FDC-42A3-9474-1A3956D46DE8}") = "1 - Services", "1 - Services", "{A1095A75-A21A-47DB-BD31-F79D4C001EAD}"
EndProject
Project("{2150E333-8FDC-42A3-9474-1A3956D46DE8}") = "2 - Application", "2 - Application", "{AEBF97E5-A179-4361-9C32-187BC8D2200F}"
EndProject
Project("{2150E333-8FDC-42A3-9474-1A3956D46DE8}") = "3 - Domain", "3 - Domain", "{75A88C09-65CC-476C-B5C8-73F8CFD142AD}"
EndProject
Project("{2150E333-8FDC-42A3-9474-1A3956D46DE8}") = "4 - Infra", "4 - Infra", "{7FA0FA63-7519-4B76-AABA-DFA2FDAD6BDF}"
EndProject
Project("{2150E333-8FDC-42A3-9474-1A3956D46DE8}") = "4.1 - Data", "4.1 - Data", "{953253B6-66E6-42DF-9AC0-CDF912937737}"
EndProject
Project("{2150E333-8FDC-42A3-9474-1A3956D46DE8}") = "4.2 - CrossCutting", "4.2 - CrossCutting", "{584347DE-8228-4462-BC5E-2F454A2DB888}"
EndProject
Project("{FAE04EC0-301F-11D3-BF4B-00C04F79EFBC}") = "CGVDF.MVC", "CGVDF.MVC\CGVDF.MVC.csproj", "{5DAF0B33-B767-47CA-97DC-1828A6DDA324}"
EndProject
Project("{FAE04EC0-301F-11D3-BF4B-00C04F79EFBC}") = "CGVDF.Domain", "CGVDF.Domain\CGVDF.Domain.csproj", "{1AA7DCD2-0A45-42FD-AFA1-087381A6027A}"
EndProject
Project("{FAE04EC0-301F-11D3-BF4B-00C04F79EFBC}") = "CGVDF.Infra.Data", "CGVDF.Infra.Data\CGVDF.Infra.Data.csproj", "{A8DAD306-8BD1-45A4-AB67-B459C55325CB}"
EndProject
Project("{FAE04EC0-301F-11D3-BF4B-00C04F79EFBC}") = "CGVDF.Application", "CGVDF.Application\CGVDF.Application.csproj", "{86860669-C683-47D5-9153-E14E544959C2}"
EndProject
Global
	GlobalSection(SolutionConfigurationPlatforms) = preSolution
		Debug|Any CPU = Debug|Any CPU
		Release|Any CPU = Release|Any CPU
	EndGlobalSection
	GlobalSection(ProjectConfigurationPlatforms) = postSolution
		{5DAF0B33-B767-47CA-97DC-1828A6DDA324}.Debug|Any CPU.ActiveCfg = Debug|Any CPU
		{5DAF0B33-B767-47CA-97DC-1828A6DDA324}.Debug|Any CPU.Build.0 = Debug|Any CPU
		{5DAF0B33-B767-47CA-97DC-1828A6DDA324}.Release|Any CPU.ActiveCfg = Release|Any CPU
		{5DAF0B33-B767-47CA-97DC-1828A6DDA324}.Release|Any CPU.Build.0 = Release|Any CPU
		{1AA7DCD2-0A45-42FD-AFA1-087381A6027A}.Debug|Any CPU.ActiveCfg = Debug|Any CPU
		{1AA7DCD2-0A45-42FD-AFA1-087381A6027A}.Debug|Any CPU.Build.0 = Debug|Any CPU
		{1AA7DCD2-0A45-42FD-AFA1-087381A6027A}.Release|Any CPU.ActiveCfg = Release|Any CPU
		{1AA7DCD2-0A45-42FD-AFA1-087381A6027A}.Release|Any CPU.Build.0 = Release|Any CPU
		{A8DAD306-8BD1-45A4-AB67-B459C55325CB}.Debug|Any CPU.ActiveCfg = Debug|Any CPU
		{A8DAD306-8BD1-45A4-AB67-B459C55325CB}.Debug|Any CPU.Build.0 = Debug|Any CPU
		{A8DAD306-8BD1-45A4-AB67-B459C55325CB}.Release|Any CPU.ActiveCfg = Release|Any CPU
		{A8DAD306-8BD1-45A4-AB67-B459C55325CB}.Release|Any CPU.Build.0 = Release|Any CPU
		{86860669-C683-47D5-9153-E14E544959C2}.Debug|Any CPU.ActiveCfg = Debug|Any CPU
		{86860669-C683-47D5-9153-E14E544959C2}.Debug|Any CPU.Build.0 = Debug|Any CPU
		{86860669-C683-47D5-9153-E14E544959C2}.Release|Any CPU.ActiveCfg = Release|Any CPU
		{86860669-C683-47D5-9153-E14E544959C2}.Release|Any CPU.Build.0 = Release|Any CPU
	EndGlobalSection
	GlobalSection(SolutionProperties) = preSolution
		HideSolutionNode = FALSE
	EndGlobalSection
	GlobalSection(NestedProjects) = preSolution
		{953253B6-66E6-42DF-9AC0-CDF912937737} = {7FA0FA63-7519-4B76-AABA-DFA2FDAD6BDF}
		{584347DE-8228-4462-BC5E-2F454A2DB888} = {7FA0FA63-7519-4B76-AABA-DFA2FDAD6BDF}
		{5DAF0B33-B767-47CA-97DC-1828A6DDA324} = {D46CADB0-FBE4-4926-B125-2292D3F2261D}
		{1AA7DCD2-0A45-42FD-AFA1-087381A6027A} = {75A88C09-65CC-476C-B5C8-73F8CFD142AD}
		{A8DAD306-8BD1-45A4-AB67-B459C55325CB} = {953253B6-66E6-42DF-9AC0-CDF912937737}
		{86860669-C683-47D5-9153-E14E544959C2} = {AEBF97E5-A179-4361-9C32-187BC8D2200F}
	EndGlobalSection
	GlobalSection(ExtensibilityGlobals) = postSolution
		SolutionGuid = {AAD10B6C-0CE0-4FC6-A4BB-AF26E3C21E14}
	EndGlobalSection
EndGlobal
